// !$*UTF8*$!
{
	archiveVersion = 1;
	classes = {
	};
	objectVersion = 55;
	objects = {

/* Begin PBXBuildFile section */
		0D6C977F2870A6BC00215B51 /* lau_bot.cpp in Sources */ = {isa = PBXBuildFile; fileRef = 0D6C977E2870A6BC00215B51 /* lau_bot.cpp */; };
		0D6C97832870ACDE00215B51 /* database.cpp in Sources */ = {isa = PBXBuildFile; fileRef = 0D6C97822870ACDE00215B51 /* database.cpp */; };
		0D8A35562870FD6F007F6371 /* human_bot.cpp in Sources */ = {isa = PBXBuildFile; fileRef = 0D8A35542870FD6F007F6371 /* human_bot.cpp */; };
		0D8A35592870FEBF007F6371 /* tools.cpp in Sources */ = {isa = PBXBuildFile; fileRef = 0D8A35572870FEBF007F6371 /* tools.cpp */; };
		E1C6ED58286C7E1900119241 /* main.cpp in Sources */ = {isa = PBXBuildFile; fileRef = E1C6ED57286C7E1900119241 /* main.cpp */; };
		E1D3DA8A2871029400F1EDBD /* alex_bot.cpp in Sources */ = {isa = PBXBuildFile; fileRef = E1D3DA882871029400F1EDBD /* alex_bot.cpp */; };
/* End PBXBuildFile section */

/* Begin PBXCopyFilesBuildPhase section */
		E1C6ED52286C7E1900119241 /* CopyFiles */ = {
			isa = PBXCopyFilesBuildPhase;
			buildActionMask = 2147483647;
			dstPath = /usr/share/man/man1/;
			dstSubfolderSpec = 0;
			files = (
			);
			runOnlyForDeploymentPostprocessing = 1;
		};
/* End PBXCopyFilesBuildPhase section */

/* Begin PBXFileReference section */
		0D6C977E2870A6BC00215B51 /* lau_bot.cpp */ = {isa = PBXFileReference; lastKnownFileType = sourcecode.cpp.cpp; path = lau_bot.cpp; sourceTree = "<group>"; };
		0D6C97822870ACDE00215B51 /* database.cpp */ = {isa = PBXFileReference; lastKnownFileType = sourcecode.cpp.cpp; path = database.cpp; sourceTree = "<group>"; };
		0D8A35512870DF9F007F6371 /* lau_bot.h */ = {isa = PBXFileReference; lastKnownFileType = sourcecode.c.h; path = lau_bot.h; sourceTree = "<group>"; };
		0D8A35522870DFBB007F6371 /* bot.h */ = {isa = PBXFileReference; lastKnownFileType = sourcecode.c.h; path = bot.h; sourceTree = "<group>"; };
		0D8A35532870DFCC007F6371 /* database.h */ = {isa = PBXFileReference; lastKnownFileType = sourcecode.c.h; path = database.h; sourceTree = "<group>"; };
		0D8A35542870FD6F007F6371 /* human_bot.cpp */ = {isa = PBXFileReference; lastKnownFileType = sourcecode.cpp.cpp; path = human_bot.cpp; sourceTree = "<group>"; };
		0D8A35552870FD6F007F6371 /* human_bot.h */ = {isa = PBXFileReference; lastKnownFileType = sourcecode.c.h; path = human_bot.h; sourceTree = "<group>"; };
		0D8A35572870FEBF007F6371 /* tools.cpp */ = {isa = PBXFileReference; lastKnownFileType = sourcecode.cpp.cpp; path = tools.cpp; sourceTree = "<group>"; };
		0D8A35582870FEBF007F6371 /* tools.h */ = {isa = PBXFileReference; lastKnownFileType = sourcecode.c.h; path = tools.h; sourceTree = "<group>"; };
		0D8A355B287102C0007F6371 /* settings.h */ = {isa = PBXFileReference; lastKnownFileType = sourcecode.c.h; path = settings.h; sourceTree = "<group>"; };
		E1C6ED54286C7E1900119241 /* fazan */ = {isa = PBXFileReference; explicitFileType = "compiled.mach-o.executable"; includeInIndex = 0; path = fazan; sourceTree = BUILT_PRODUCTS_DIR; };
		E1C6ED57286C7E1900119241 /* main.cpp */ = {isa = PBXFileReference; lastKnownFileType = sourcecode.cpp.cpp; path = main.cpp; sourceTree = "<group>"; };
		E1C6ED60286CC7B800119241 /* list.txt */ = {isa = PBXFileReference; fileEncoding = 4; lastKnownFileType = text; path = list.txt; sourceTree = "<group>"; };
		E1C6ED61286CC85D00119241 /* used_words.txt */ = {isa = PBXFileReference; lastKnownFileType = text; path = used_words.txt; sourceTree = "<group>"; };
		E1D3DA882871029400F1EDBD /* alex_bot.cpp */ = {isa = PBXFileReference; lastKnownFileType = sourcecode.cpp.cpp; path = alex_bot.cpp; sourceTree = "<group>"; };
		E1D3DA892871029400F1EDBD /* alex_bot.h */ = {isa = PBXFileReference; lastKnownFileType = sourcecode.c.h; path = alex_bot.h; sourceTree = "<group>"; };
/* End PBXFileReference section */

/* Begin PBXFrameworksBuildPhase section */
		E1C6ED51286C7E1900119241 /* Frameworks */ = {
			isa = PBXFrameworksBuildPhase;
			buildActionMask = 2147483647;
			files = (
			);
			runOnlyForDeploymentPostprocessing = 0;
		};
/* End PBXFrameworksBuildPhase section */

/* Begin PBXGroup section */
		E1C6ED4B286C7E1900119241 = {
			isa = PBXGroup;
			children = (
				E1C6ED56286C7E1900119241 /* fazan */,
				E1C6ED55286C7E1900119241 /* Products */,
			);
			sourceTree = "<group>";
		};
		E1C6ED55286C7E1900119241 /* Products */ = {
			isa = PBXGroup;
			children = (
				E1C6ED54286C7E1900119241 /* fazan */,
			);
			name = Products;
			sourceTree = "<group>";
		};
		E1C6ED56286C7E1900119241 /* fazan */ = {
			isa = PBXGroup;
			children = (
				E1C6ED57286C7E1900119241 /* main.cpp */,
				E1C6ED60286CC7B800119241 /* list.txt */,
				E1C6ED61286CC85D00119241 /* used_words.txt */,
				E1D3DA882871029400F1EDBD /* alex_bot.cpp */,
				E1D3DA892871029400F1EDBD /* alex_bot.h */,
				0D8A35512870DF9F007F6371 /* lau_bot.h */,
				0D6C977E2870A6BC00215B51 /* lau_bot.cpp */,
				0D8A35532870DFCC007F6371 /* database.h */,
				0D6C97822870ACDE00215B51 /* database.cpp */,
				0D8A35522870DFBB007F6371 /* bot.h */,
				0D8A35552870FD6F007F6371 /* human_bot.h */,
				0D8A35542870FD6F007F6371 /* human_bot.cpp */,
				0D8A35572870FEBF007F6371 /* tools.cpp */,
				0D8A35582870FEBF007F6371 /* tools.h */,
				0D8A355B287102C0007F6371 /* settings.h */,
			);
			path = fazan;
			sourceTree = "<group>";
		};
/* End PBXGroup section */

/* Begin PBXNativeTarget section */
		E1C6ED53286C7E1900119241 /* fazan */ = {
			isa = PBXNativeTarget;
			buildConfigurationList = E1C6ED5B286C7E1900119241 /* Build configuration list for PBXNativeTarget "fazan" */;
			buildPhases = (
				E1C6ED50286C7E1900119241 /* Sources */,
				E1C6ED51286C7E1900119241 /* Frameworks */,
				E1C6ED52286C7E1900119241 /* CopyFiles */,
			);
			buildRules = (
			);
			dependencies = (
			);
			name = fazan;
			productName = fazan;
			productReference = E1C6ED54286C7E1900119241 /* fazan */;
			productType = "com.apple.product-type.tool";
		};
/* End PBXNativeTarget section */

/* Begin PBXProject section */
		E1C6ED4C286C7E1900119241 /* Project object */ = {
			isa = PBXProject;
			attributes = {
				BuildIndependentTargetsInParallel = 1;
				LastUpgradeCheck = 1340;
				TargetAttributes = {
					E1C6ED53286C7E1900119241 = {
						CreatedOnToolsVersion = 13.4.1;
					};
				};
			};
			buildConfigurationList = E1C6ED4F286C7E1900119241 /* Build configuration list for PBXProject "fazan" */;
			compatibilityVersion = "Xcode 13.0";
			developmentRegion = en;
			hasScannedForEncodings = 0;
			knownRegions = (
				en,
				Base,
			);
			mainGroup = E1C6ED4B286C7E1900119241;
			productRefGroup = E1C6ED55286C7E1900119241 /* Products */;
			projectDirPath = "";
			projectRoot = "";
			targets = (
				E1C6ED53286C7E1900119241 /* fazan */,
			);
		};
/* End PBXProject section */

/* Begin PBXSourcesBuildPhase section */
		E1C6ED50286C7E1900119241 /* Sources */ = {
			isa = PBXSourcesBuildPhase;
			buildActionMask = 2147483647;
			files = (
				0D6C977F2870A6BC00215B51 /* lau_bot.cpp in Sources */,
				E1D3DA8A2871029400F1EDBD /* alex_bot.cpp in Sources */,
				0D6C97832870ACDE00215B51 /* database.cpp in Sources */,
				0D8A35592870FEBF007F6371 /* tools.cpp in Sources */,
				0D8A35562870FD6F007F6371 /* human_bot.cpp in Sources */,
				E1C6ED58286C7E1900119241 /* main.cpp in Sources */,
			);
			runOnlyForDeploymentPostprocessing = 0;
		};
/* End PBXSourcesBuildPhase section */

/* Begin XCBuildConfiguration section */
		E1C6ED59286C7E1900119241 /* Debug */ = {
			isa = XCBuildConfiguration;
			buildSettings = {
				ALWAYS_SEARCH_USER_PATHS = NO;
				CLANG_ANALYZER_NONNULL = YES;
				CLANG_ANALYZER_NUMBER_OBJECT_CONVERSION = YES_AGGRESSIVE;
				CLANG_CXX_LANGUAGE_STANDARD = "c++20";
				CLANG_ENABLE_MODULES = YES;
				CLANG_ENABLE_OBJC_ARC = YES;
				CLANG_ENABLE_OBJC_WEAK = YES;
				CLANG_WARN_BLOCK_CAPTURE_AUTORELEASING = YES;
				CLANG_WARN_BOOL_CONVERSION = YES;
				CLANG_WARN_COMMA = YES;
				CLANG_WARN_CONSTANT_CONVERSION = YES;
				CLANG_WARN_DEPRECATED_OBJC_IMPLEMENTATIONS = YES;
				CLANG_WARN_DIRECT_OBJC_ISA_USAGE = YES_ERROR;
				CLANG_WARN_DOCUMENTATION_COMMENTS = YES;
				CLANG_WARN_EMPTY_BODY = YES;
				CLANG_WARN_ENUM_CONVERSION = YES;
				CLANG_WARN_INFINITE_RECURSION = YES;
				CLANG_WARN_INT_CONVERSION = YES;
				CLANG_WARN_NON_LITERAL_NULL_CONVERSION = YES;
				CLANG_WARN_OBJC_IMPLICIT_RETAIN_SELF = YES;
				CLANG_WARN_OBJC_LITERAL_CONVERSION = YES;
				CLANG_WARN_OBJC_ROOT_CLASS = YES_ERROR;
				CLANG_WARN_QUOTED_INCLUDE_IN_FRAMEWORK_HEADER = YES;
				CLANG_WARN_RANGE_LOOP_ANALYSIS = YES;
				CLANG_WARN_STRICT_PROTOTYPES = YES;
				CLANG_WARN_SUSPICIOUS_MOVE = YES;
				CLANG_WARN_UNGUARDED_AVAILABILITY = YES_AGGRESSIVE;
				CLANG_WARN_UNREACHABLE_CODE = YES;
				CLANG_WARN__DUPLICATE_METHOD_MATCH = YES;
				COPY_PHASE_STRIP = NO;
				DEBUG_INFORMATION_FORMAT = dwarf;
				ENABLE_STRICT_OBJC_MSGSEND = YES;
				ENABLE_TESTABILITY = YES;
				GCC_C_LANGUAGE_STANDARD = gnu11;
				GCC_DYNAMIC_NO_PIC = NO;
				GCC_NO_COMMON_BLOCKS = YES;
				GCC_OPTIMIZATION_LEVEL = 0;
				GCC_PREPROCESSOR_DEFINITIONS = (
					"DEBUG=1",
					"$(inherited)",
				);
				GCC_WARN_64_TO_32_BIT_CONVERSION = YES;
				GCC_WARN_ABOUT_RETURN_TYPE = YES_ERROR;
				GCC_WARN_UNDECLARED_SELECTOR = YES;
				GCC_WARN_UNINITIALIZED_AUTOS = YES_AGGRESSIVE;
				GCC_WARN_UNUSED_FUNCTION = YES;
				GCC_WARN_UNUSED_VARIABLE = YES;
				MACOSX_DEPLOYMENT_TARGET = 10.9;
				MTL_ENABLE_DEBUG_INFO = INCLUDE_SOURCE;
				MTL_FAST_MATH = YES;
				ONLY_ACTIVE_ARCH = YES;
				SDKROOT = macosx;
			};
			name = Debug;
		};
		E1C6ED5A286C7E1900119241 /* Release */ = {
			isa = XCBuildConfiguration;
			buildSettings = {
				ALWAYS_SEARCH_USER_PATHS = NO;
				CLANG_ANALYZER_NONNULL = YES;
				CLANG_ANALYZER_NUMBER_OBJECT_CONVERSION = YES_AGGRESSIVE;
				CLANG_CXX_LANGUAGE_STANDARD = "c++20";
				CLANG_ENABLE_MODULES = YES;
				CLANG_ENABLE_OBJC_ARC = YES;
				CLANG_ENABLE_OBJC_WEAK = YES;
				CLANG_WARN_BLOCK_CAPTURE_AUTORELEASING = YES;
				CLANG_WARN_BOOL_CONVERSION = YES;
				CLANG_WARN_COMMA = YES;
				CLANG_WARN_CONSTANT_CONVERSION = YES;
				CLANG_WARN_DEPRECATED_OBJC_IMPLEMENTATIONS = YES;
				CLANG_WARN_DIRECT_OBJC_ISA_USAGE = YES_ERROR;
				CLANG_WARN_DOCUMENTATION_COMMENTS = YES;
				CLANG_WARN_EMPTY_BODY = YES;
				CLANG_WARN_ENUM_CONVERSION = YES;
				CLANG_WARN_INFINITE_RECURSION = YES;
				CLANG_WARN_INT_CONVERSION = YES;
				CLANG_WARN_NON_LITERAL_NULL_CONVERSION = YES;
				CLANG_WARN_OBJC_IMPLICIT_RETAIN_SELF = YES;
				CLANG_WARN_OBJC_LITERAL_CONVERSION = YES;
				CLANG_WARN_OBJC_ROOT_CLASS = YES_ERROR;
				CLANG_WARN_QUOTED_INCLUDE_IN_FRAMEWORK_HEADER = YES;
				CLANG_WARN_RANGE_LOOP_ANALYSIS = YES;
				CLANG_WARN_STRICT_PROTOTYPES = YES;
				CLANG_WARN_SUSPICIOUS_MOVE = YES;
				CLANG_WARN_UNGUARDED_AVAILABILITY = YES_AGGRESSIVE;
				CLANG_WARN_UNREACHABLE_CODE = YES;
				CLANG_WARN__DUPLICATE_METHOD_MATCH = YES;
				COPY_PHASE_STRIP = NO;
				DEBUG_INFORMATION_FORMAT = "dwarf-with-dsym";
				ENABLE_NS_ASSERTIONS = NO;
				ENABLE_STRICT_OBJC_MSGSEND = YES;
				GCC_C_LANGUAGE_STANDARD = gnu11;
				GCC_NO_COMMON_BLOCKS = YES;
				GCC_WARN_64_TO_32_BIT_CONVERSION = YES;
				GCC_WARN_ABOUT_RETURN_TYPE = YES_ERROR;
				GCC_WARN_UNDECLARED_SELECTOR = YES;
				GCC_WARN_UNINITIALIZED_AUTOS = YES_AGGRESSIVE;
				GCC_WARN_UNUSED_FUNCTION = YES;
				GCC_WARN_UNUSED_VARIABLE = YES;
				MACOSX_DEPLOYMENT_TARGET = 10.9;
				MTL_ENABLE_DEBUG_INFO = NO;
				MTL_FAST_MATH = YES;
				SDKROOT = macosx;
			};
			name = Release;
		};
		E1C6ED5C286C7E1900119241 /* Debug */ = {
			isa = XCBuildConfiguration;
			buildSettings = {
				CODE_SIGN_STYLE = Automatic;
				PRODUCT_NAME = "$(TARGET_NAME)";
			};
			name = Debug;
		};
		E1C6ED5D286C7E1900119241 /* Release */ = {
			isa = XCBuildConfiguration;
			buildSettings = {
				CODE_SIGN_STYLE = Automatic;
				PRODUCT_NAME = "$(TARGET_NAME)";
			};
			name = Release;
		};
/* End XCBuildConfiguration section */

/* Begin XCConfigurationList section */
		E1C6ED4F286C7E1900119241 /* Build configuration list for PBXProject "fazan" */ = {
			isa = XCConfigurationList;
			buildConfigurations = (
				E1C6ED59286C7E1900119241 /* Debug */,
				E1C6ED5A286C7E1900119241 /* Release */,
			);
			defaultConfigurationIsVisible = 0;
			defaultConfigurationName = Release;
		};
		E1C6ED5B286C7E1900119241 /* Build configuration list for PBXNativeTarget "fazan" */ = {
			isa = XCConfigurationList;
			buildConfigurations = (
				E1C6ED5C286C7E1900119241 /* Debug */,
				E1C6ED5D286C7E1900119241 /* Release */,
			);
			defaultConfigurationIsVisible = 0;
			defaultConfigurationName = Release;
		};
/* End XCConfigurationList section */
	};
	rootObject = E1C6ED4C286C7E1900119241 /* Project object */;
}
